
Microsoft Visual Studio Solution File, Format Version 12.00
# Visual Studio 2013
VisualStudioVersion = 12.0.31101.0
MinimumVisualStudioVersion = 10.0.40219.1
Project("{FAE04EC0-301F-11D3-BF4B-00C04F79EFBC}") = "SequenceSolver", "SequenceSolver\SequenceSolver.csproj", "{E5423B6A-E5CB-469A-8A29-3F2C9A2EA089}"
EndProject
Project("{FAE04EC0-301F-11D3-BF4B-00C04F79EFBC}") = "SequenceLib", "SequenceLib\SequenceLib.csproj", "{B1088188-D1D9-470B-B528-DDF129F971CA}"
EndProject
Global
	GlobalSection(SolutionConfigurationPlatforms) = preSolution
		Debug|Any CPU = Debug|Any CPU
		Release|Any CPU = Release|Any CPU
	EndGlobalSection
	GlobalSection(ProjectConfigurationPlatforms) = postSolution
		{E5423B6A-E5CB-469A-8A29-3F2C9A2EA089}.Debug|Any CPU.ActiveCfg = Debug|Any CPU
		{E5423B6A-E5CB-469A-8A29-3F2C9A2EA089}.Debug|Any CPU.Build.0 = Debug|Any CPU
		{E5423B6A-E5CB-469A-8A29-3F2C9A2EA089}.Release|Any CPU.ActiveCfg = Release|Any CPU
		{E5423B6A-E5CB-469A-8A29-3F2C9A2EA089}.Release|Any CPU.Build.0 = Release|Any CPU
		{B1088188-D1D9-470B-B528-DDF129F971CA}.Debug|Any CPU.ActiveCfg = Debug|Any CPU
		{B1088188-D1D9-470B-B528-DDF129F971CA}.Debug|Any CPU.Build.0 = Debug|Any CPU
		{B1088188-D1D9-470B-B528-DDF129F971CA}.Release|Any CPU.ActiveCfg = Release|Any CPU
		{B1088188-D1D9-470B-B528-DDF129F971CA}.Release|Any CPU.Build.0 = Release|Any CPU
	EndGlobalSection
	GlobalSection(SolutionProperties) = preSolution
		HideSolutionNode = FALSE
	EndGlobalSection
EndGlobal
